
Microsoft Visual Studio Solution File, Format Version 12.00
# Visual Studio Version 16
VisualStudioVersion = 16.0.30225.117
MinimumVisualStudioVersion = 10.0.40219.1
Project("{9A19103F-16F7-4668-BE54-9A1E7A4F7556}") = "ASP_CORE_3_API_JWT_Token_With_Identity_User", "IdentityWithJWT\ASP_CORE_3_API_JWT_Token_With_Identity_User.csproj", "{FEC7D30C-0418-442F-9C21-2C5A20652686}"
EndProject
Global
	GlobalSection(SolutionConfigurationPlatforms) = preSolution
		Debug|Any CPU = Debug|Any CPU
		Release|Any CPU = Release|Any CPU
	EndGlobalSection
	GlobalSection(ProjectConfigurationPlatforms) = postSolution
		{FEC7D30C-0418-442F-9C21-2C5A20652686}.Debug|Any CPU.ActiveCfg = Debug|Any CPU
		{FEC7D30C-0418-442F-9C21-2C5A20652686}.Debug|Any CPU.Build.0 = Debug|Any CPU
		{FEC7D30C-0418-442F-9C21-2C5A20652686}.Release|Any CPU.ActiveCfg = Release|Any CPU
		{FEC7D30C-0418-442F-9C21-2C5A20652686}.Release|Any CPU.Build.0 = Release|Any CPU
	EndGlobalSection
	GlobalSection(SolutionProperties) = preSolution
		HideSolutionNode = FALSE
	EndGlobalSection
	GlobalSection(ExtensibilityGlobals) = postSolution
		SolutionGuid = {BE7BF60F-63C5-45D7-B6BF-E3325AFD4810}
	EndGlobalSection
EndGlobal
